
Microsoft Visual Studio Solution File, Format Version 12.00
# Visual Studio Version 17
VisualStudioVersion = 17.14.36310.24
MinimumVisualStudioVersion = 10.0.40219.1
Project("{FAE04EC0-301F-11D3-BF4B-00C04F79EFBC}") = "BookStore.Api", "BookStore.Api\BookStore.Api.csproj", "{C26CC374-1EC8-4752-8040-5C7BC5904AC7}"
EndProject
Project("{FAE04EC0-301F-11D3-BF4B-00C04F79EFBC}") = "BookStore.Models", "BookStore.Models\BookStore.Models.csproj", "{8E33961F-8D68-4E49-ACA0-25DEED52CC17}"
EndProject
Project("{FAE04EC0-301F-11D3-BF4B-00C04F79EFBC}") = "BookStore.Repositories", "BookStore.Repositories\BookStore.Repositories.csproj", "{6EC3DA90-CAC1-49B6-95F9-5D79E9A86D75}"
EndProject
Project("{FAE04EC0-301F-11D3-BF4B-00C04F79EFBC}") = "BookStore.Services", "BookStore.Services\BookStore.Services.csproj", "{43F2C674-8FBF-4A74-AF8E-2C36228C3E59}"
EndProject
Project("{FAE04EC0-301F-11D3-BF4B-00C04F79EFBC}") = "BookStore.UnitTest", "BookStore.UnitTest\BookStore.UnitTest.csproj", "{8F3CDA7B-00A2-42CD-9CF9-DC114AAB778D}"
EndProject
Global
	GlobalSection(SolutionConfigurationPlatforms) = preSolution
		Debug|Any CPU = Debug|Any CPU
		Release|Any CPU = Release|Any CPU
	EndGlobalSection
	GlobalSection(ProjectConfigurationPlatforms) = postSolution
		{C26CC374-1EC8-4752-8040-5C7BC5904AC7}.Debug|Any CPU.ActiveCfg = Debug|Any CPU
		{C26CC374-1EC8-4752-8040-5C7BC5904AC7}.Debug|Any CPU.Build.0 = Debug|Any CPU
		{C26CC374-1EC8-4752-8040-5C7BC5904AC7}.Release|Any CPU.ActiveCfg = Release|Any CPU
		{C26CC374-1EC8-4752-8040-5C7BC5904AC7}.Release|Any CPU.Build.0 = Release|Any CPU
		{8E33961F-8D68-4E49-ACA0-25DEED52CC17}.Debug|Any CPU.ActiveCfg = Debug|Any CPU
		{8E33961F-8D68-4E49-ACA0-25DEED52CC17}.Debug|Any CPU.Build.0 = Debug|Any CPU
		{8E33961F-8D68-4E49-ACA0-25DEED52CC17}.Release|Any CPU.ActiveCfg = Release|Any CPU
		{8E33961F-8D68-4E49-ACA0-25DEED52CC17}.Release|Any CPU.Build.0 = Release|Any CPU
		{6EC3DA90-CAC1-49B6-95F9-5D79E9A86D75}.Debug|Any CPU.ActiveCfg = Debug|Any CPU
		{6EC3DA90-CAC1-49B6-95F9-5D79E9A86D75}.Debug|Any CPU.Build.0 = Debug|Any CPU
		{6EC3DA90-CAC1-49B6-95F9-5D79E9A86D75}.Release|Any CPU.ActiveCfg = Release|Any CPU
		{6EC3DA90-CAC1-49B6-95F9-5D79E9A86D75}.Release|Any CPU.Build.0 = Release|Any CPU
		{43F2C674-8FBF-4A74-AF8E-2C36228C3E59}.Debug|Any CPU.ActiveCfg = Debug|Any CPU
		{43F2C674-8FBF-4A74-AF8E-2C36228C3E59}.Debug|Any CPU.Build.0 = Debug|Any CPU
		{43F2C674-8FBF-4A74-AF8E-2C36228C3E59}.Release|Any CPU.ActiveCfg = Release|Any CPU
		{43F2C674-8FBF-4A74-AF8E-2C36228C3E59}.Release|Any CPU.Build.0 = Release|Any CPU
		{8F3CDA7B-00A2-42CD-9CF9-DC114AAB778D}.Debug|Any CPU.ActiveCfg = Debug|Any CPU
		{8F3CDA7B-00A2-42CD-9CF9-DC114AAB778D}.Debug|Any CPU.Build.0 = Debug|Any CPU
		{8F3CDA7B-00A2-42CD-9CF9-DC114AAB778D}.Release|Any CPU.ActiveCfg = Release|Any CPU
		{8F3CDA7B-00A2-42CD-9CF9-DC114AAB778D}.Release|Any CPU.Build.0 = Release|Any CPU
	EndGlobalSection
	GlobalSection(SolutionProperties) = preSolution
		HideSolutionNode = FALSE
	EndGlobalSection
	GlobalSection(ExtensibilityGlobals) = postSolution
		SolutionGuid = {CF00CB52-1402-4E13-A1FE-8C79FD24164A}
	EndGlobalSection
EndGlobal
